// !$*UTF8*$!
{
	archiveVersion = 1;
	classes = {
	};
	objectVersion = 46;
	objects = {

/* Begin PBXBuildFile section */
		88E01BA71D033BEF00764F25 /* AppDelegate.swift in Sources */ = {isa = PBXBuildFile; fileRef = 88E01BA61D033BEF00764F25 /* AppDelegate.swift */; };
		88E01BA91D033BEF00764F25 /* ViewController.swift in Sources */ = {isa = PBXBuildFile; fileRef = 88E01BA81D033BEF00764F25 /* ViewController.swift */; };
		88E01BAC1D033BEF00764F25 /* Main.storyboard in Resources */ = {isa = PBXBuildFile; fileRef = 88E01BAA1D033BEF00764F25 /* Main.storyboard */; };
		88E01BAE1D033BEF00764F25 /* Assets.xcassets in Resources */ = {isa = PBXBuildFile; fileRef = 88E01BAD1D033BEF00764F25 /* Assets.xcassets */; };
		88E01BB11D033BEF00764F25 /* LaunchScreen.storyboard in Resources */ = {isa = PBXBuildFile; fileRef = 88E01BAF1D033BEF00764F25 /* LaunchScreen.storyboard */; };
		88E01BBC1D033BEF00764F25 /* JFNetworkTestTests.swift in Sources */ = {isa = PBXBuildFile; fileRef = 88E01BBB1D033BEF00764F25 /* JFNetworkTestTests.swift */; };
		88E01BC71D033BEF00764F25 /* JFNetworkTestUITests.swift in Sources */ = {isa = PBXBuildFile; fileRef = 88E01BC61D033BEF00764F25 /* JFNetworkTestUITests.swift */; };
/* End PBXBuildFile section */

/* Begin PBXContainerItemProxy section */
		88E01BB81D033BEF00764F25 /* PBXContainerItemProxy */ = {
			isa = PBXContainerItemProxy;
			containerPortal = 88E01B9B1D033BEF00764F25 /* Project object */;
			proxyType = 1;
			remoteGlobalIDString = 88E01BA21D033BEF00764F25;
			remoteInfo = JFNetworkTest;
		};
		88E01BC31D033BEF00764F25 /* PBXContainerItemProxy */ = {
			isa = PBXContainerItemProxy;
			containerPortal = 88E01B9B1D033BEF00764F25 /* Project object */;
			proxyType = 1;
			remoteGlobalIDString = 88E01BA21D033BEF00764F25;
			remoteInfo = JFNetworkTest;
		};
/* End PBXContainerItemProxy section */

/* Begin PBXFileReference section */
		88E01BA31D033BEF00764F25 /* JFNetworkTest.app */ = {isa = PBXFileReference; explicitFileType = wrapper.application; includeInIndex = 0; path = JFNetworkTest.app; sourceTree = BUILT_PRODUCTS_DIR; };
		88E01BA61D033BEF00764F25 /* AppDelegate.swift */ = {isa = PBXFileReference; lastKnownFileType = sourcecode.swift; path = AppDelegate.swift; sourceTree = "<group>"; };
		88E01BA81D033BEF00764F25 /* ViewController.swift */ = {isa = PBXFileReference; lastKnownFileType = sourcecode.swift; path = ViewController.swift; sourceTree = "<group>"; };
		88E01BAB1D033BEF00764F25 /* Base */ = {isa = PBXFileReference; lastKnownFileType = file.storyboard; name = Base; path = Base.lproj/Main.storyboard; sourceTree = "<group>"; };
		88E01BAD1D033BEF00764F25 /* Assets.xcassets */ = {isa = PBXFileReference; lastKnownFileType = folder.assetcatalog; path = Assets.xcassets; sourceTree = "<group>"; };
		88E01BB01D033BEF00764F25 /* Base */ = {isa = PBXFileReference; lastKnownFileType = file.storyboard; name = Base; path = Base.lproj/LaunchScreen.storyboard; sourceTree = "<group>"; };
		88E01BB21D033BEF00764F25 /* Info.plist */ = {isa = PBXFileReference; lastKnownFileType = text.plist.xml; path = Info.plist; sourceTree = "<group>"; };
		88E01BB71D033BEF00764F25 /* JFNetworkTestTests.xctest */ = {isa = PBXFileReference; explicitFileType = wrapper.cfbundle; includeInIndex = 0; path = JFNetworkTestTests.xctest; sourceTree = BUILT_PRODUCTS_DIR; };
		88E01BBB1D033BEF00764F25 /* JFNetworkTestTests.swift */ = {isa = PBXFileReference; lastKnownFileType = sourcecode.swift; path = JFNetworkTestTests.swift; sourceTree = "<group>"; };
		88E01BBD1D033BEF00764F25 /* Info.plist */ = {isa = PBXFileReference; lastKnownFileType = text.plist.xml; path = Info.plist; sourceTree = "<group>"; };
		88E01BC21D033BEF00764F25 /* JFNetworkTestUITests.xctest */ = {isa = PBXFileReference; explicitFileType = wrapper.cfbundle; includeInIndex = 0; path = JFNetworkTestUITests.xctest; sourceTree = BUILT_PRODUCTS_DIR; };
		88E01BC61D033BEF00764F25 /* JFNetworkTestUITests.swift */ = {isa = PBXFileReference; lastKnownFileType = sourcecode.swift; path = JFNetworkTestUITests.swift; sourceTree = "<group>"; };
		88E01BC81D033BEF00764F25 /* Info.plist */ = {isa = PBXFileReference; lastKnownFileType = text.plist.xml; path = Info.plist; sourceTree = "<group>"; };
/* End PBXFileReference section */

/* Begin PBXFrameworksBuildPhase section */
		88E01BA01D033BEF00764F25 /* Frameworks */ = {
			isa = PBXFrameworksBuildPhase;
			buildActionMask = 2147483647;
			files = (
			);
			runOnlyForDeploymentPostprocessing = 0;
		};
		88E01BB41D033BEF00764F25 /* Frameworks */ = {
			isa = PBXFrameworksBuildPhase;
			buildActionMask = 2147483647;
			files = (
			);
			runOnlyForDeploymentPostprocessing = 0;
		};
		88E01BBF1D033BEF00764F25 /* Frameworks */ = {
			isa = PBXFrameworksBuildPhase;
			buildActionMask = 2147483647;
			files = (
			);
			runOnlyForDeploymentPostprocessing = 0;
		};
/* End PBXFrameworksBuildPhase section */

/* Begin PBXGroup section */
		88E01B9A1D033BEF00764F25 = {
			isa = PBXGroup;
			children = (
				88E01BA51D033BEF00764F25 /* JFNetworkTest */,
				88E01BBA1D033BEF00764F25 /* JFNetworkTestTests */,
				88E01BC51D033BEF00764F25 /* JFNetworkTestUITests */,
				88E01BA41D033BEF00764F25 /* Products */,
			);
			sourceTree = "<group>";
		};
		88E01BA41D033BEF00764F25 /* Products */ = {
			isa = PBXGroup;
			children = (
				88E01BA31D033BEF00764F25 /* JFNetworkTest.app */,
				88E01BB71D033BEF00764F25 /* JFNetworkTestTests.xctest */,
				88E01BC21D033BEF00764F25 /* JFNetworkTestUITests.xctest */,
			);
			name = Products;
			sourceTree = "<group>";
		};
		88E01BA51D033BEF00764F25 /* JFNetworkTest */ = {
			isa = PBXGroup;
			children = (
				88E01BA61D033BEF00764F25 /* AppDelegate.swift */,
				88E01BA81D033BEF00764F25 /* ViewController.swift */,
				88E01BAA1D033BEF00764F25 /* Main.storyboard */,
				88E01BAD1D033BEF00764F25 /* Assets.xcassets */,
				88E01BAF1D033BEF00764F25 /* LaunchScreen.storyboard */,
				88E01BB21D033BEF00764F25 /* Info.plist */,
			);
			path = JFNetworkTest;
			sourceTree = "<group>";
		};
		88E01BBA1D033BEF00764F25 /* JFNetworkTestTests */ = {
			isa = PBXGroup;
			children = (
				88E01BBB1D033BEF00764F25 /* JFNetworkTestTests.swift */,
				88E01BBD1D033BEF00764F25 /* Info.plist */,
			);
			path = JFNetworkTestTests;
			sourceTree = "<group>";
		};
		88E01BC51D033BEF00764F25 /* JFNetworkTestUITests */ = {
			isa = PBXGroup;
			children = (
				88E01BC61D033BEF00764F25 /* JFNetworkTestUITests.swift */,
				88E01BC81D033BEF00764F25 /* Info.plist */,
			);
			path = JFNetworkTestUITests;
			sourceTree = "<group>";
		};
/* End PBXGroup section */

/* Begin PBXNativeTarget section */
		88E01BA21D033BEF00764F25 /* JFNetworkTest */ = {
			isa = PBXNativeTarget;
			buildConfigurationList = 88E01BCB1D033BEF00764F25 /* Build configuration list for PBXNativeTarget "JFNetworkTest" */;
			buildPhases = (
				88E01B9F1D033BEF00764F25 /* Sources */,
				88E01BA01D033BEF00764F25 /* Frameworks */,
				88E01BA11D033BEF00764F25 /* Resources */,
			);
			buildRules = (
			);
			dependencies = (
			);
			name = JFNetworkTest;
			productName = JFNetworkTest;
			productReference = 88E01BA31D033BEF00764F25 /* JFNetworkTest.app */;
			productType = "com.apple.product-type.application";
		};
		88E01BB61D033BEF00764F25 /* JFNetworkTestTests */ = {
			isa = PBXNativeTarget;
			buildConfigurationList = 88E01BCE1D033BEF00764F25 /* Build configuration list for PBXNativeTarget "JFNetworkTestTests" */;
			buildPhases = (
				88E01BB31D033BEF00764F25 /* Sources */,
				88E01BB41D033BEF00764F25 /* Frameworks */,
				88E01BB51D033BEF00764F25 /* Resources */,
			);
			buildRules = (
			);
			dependencies = (
				88E01BB91D033BEF00764F25 /* PBXTargetDependency */,
			);
			name = JFNetworkTestTests;
			productName = JFNetworkTestTests;
			productReference = 88E01BB71D033BEF00764F25 /* JFNetworkTestTests.xctest */;
			productType = "com.apple.product-type.bundle.unit-test";
		};
		88E01BC11D033BEF00764F25 /* JFNetworkTestUITests */ = {
			isa = PBXNativeTarget;
			buildConfigurationList = 88E01BD11D033BEF00764F25 /* Build configuration list for PBXNativeTarget "JFNetworkTestUITests" */;
			buildPhases = (
				88E01BBE1D033BEF00764F25 /* Sources */,
				88E01BBF1D033BEF00764F25 /* Frameworks */,
				88E01BC01D033BEF00764F25 /* Resources */,
			);
			buildRules = (
			);
			dependencies = (
				88E01BC41D033BEF00764F25 /* PBXTargetDependency */,
			);
			name = JFNetworkTestUITests;
			productName = JFNetworkTestUITests;
			productReference = 88E01BC21D033BEF00764F25 /* JFNetworkTestUITests.xctest */;
			productType = "com.apple.product-type.bundle.ui-testing";
		};
/* End PBXNativeTarget section */

/* Begin PBXProject section */
		88E01B9B1D033BEF00764F25 /* Project object */ = {
			isa = PBXProject;
			attributes = {
				LastSwiftUpdateCheck = 0730;
				LastUpgradeCheck = 0730;
				ORGANIZATIONNAME = "John Fisher";
				TargetAttributes = {
					88E01BA21D033BEF00764F25 = {
						CreatedOnToolsVersion = 7.3.1;
					};
					88E01BB61D033BEF00764F25 = {
						CreatedOnToolsVersion = 7.3.1;
						TestTargetID = 88E01BA21D033BEF00764F25;
					};
					88E01BC11D033BEF00764F25 = {
						CreatedOnToolsVersion = 7.3.1;
						TestTargetID = 88E01BA21D033BEF00764F25;
					};
				};
			};
			buildConfigurationList = 88E01B9E1D033BEF00764F25 /* Build configuration list for PBXProject "JFNetworkTest" */;
			compatibilityVersion = "Xcode 3.2";
			developmentRegion = English;
			hasScannedForEncodings = 0;
			knownRegions = (
				en,
				Base,
			);
			mainGroup = 88E01B9A1D033BEF00764F25;
			productRefGroup = 88E01BA41D033BEF00764F25 /* Products */;
			projectDirPath = "";
			projectRoot = "";
			targets = (
				88E01BA21D033BEF00764F25 /* JFNetworkTest */,
				88E01BB61D033BEF00764F25 /* JFNetworkTestTests */,
				88E01BC11D033BEF00764F25 /* JFNetworkTestUITests */,
			);
		};
/* End PBXProject section */

/* Begin PBXResourcesBuildPhase section */
		88E01BA11D033BEF00764F25 /* Resources */ = {
			isa = PBXResourcesBuildPhase;
			buildActionMask = 2147483647;
			files = (
				88E01BB11D033BEF00764F25 /* LaunchScreen.storyboard in Resources */,
				88E01BAE1D033BEF00764F25 /* Assets.xcassets in Resources */,
				88E01BAC1D033BEF00764F25 /* Main.storyboard in Resources */,
			);
			runOnlyForDeploymentPostprocessing = 0;
		};
		88E01BB51D033BEF00764F25 /* Resources */ = {
			isa = PBXResourcesBuildPhase;
			buildActionMask = 2147483647;
			files = (
			);
			runOnlyForDeploymentPostprocessing = 0;
		};
		88E01BC01D033BEF00764F25 /* Resources */ = {
			isa = PBXResourcesBuildPhase;
			buildActionMask = 2147483647;
			files = (
			);
			runOnlyForDeploymentPostprocessing = 0;
		};
/* End PBXResourcesBuildPhase section */

/* Begin PBXSourcesBuildPhase section */
		88E01B9F1D033BEF00764F25 /* Sources */ = {
			isa = PBXSourcesBuildPhase;
			buildActionMask = 2147483647;
			files = (
				88E01BA91D033BEF00764F25 /* ViewController.swift in Sources */,
				88E01BA71D033BEF00764F25 /* AppDelegate.swift in Sources */,
			);
			runOnlyForDeploymentPostprocessing = 0;
		};
		88E01BB31D033BEF00764F25 /* Sources */ = {
			isa = PBXSourcesBuildPhase;
			buildActionMask = 2147483647;
			files = (
				88E01BBC1D033BEF00764F25 /* JFNetworkTestTests.swift in Sources */,
			);
			runOnlyForDeploymentPostprocessing = 0;
		};
		88E01BBE1D033BEF00764F25 /* Sources */ = {
			isa = PBXSourcesBuildPhase;
			buildActionMask = 2147483647;
			files = (
				88E01BC71D033BEF00764F25 /* JFNetworkTestUITests.swift in Sources */,
			);
			runOnlyForDeploymentPostprocessing = 0;
		};
/* End PBXSourcesBuildPhase section */

/* Begin PBXTargetDependency section */
		88E01BB91D033BEF00764F25 /* PBXTargetDependency */ = {
			isa = PBXTargetDependency;
			target = 88E01BA21D033BEF00764F25 /* JFNetworkTest */;
			targetProxy = 88E01BB81D033BEF00764F25 /* PBXContainerItemProxy */;
		};
		88E01BC41D033BEF00764F25 /* PBXTargetDependency */ = {
			isa = PBXTargetDependency;
			target = 88E01BA21D033BEF00764F25 /* JFNetworkTest */;
			targetProxy = 88E01BC31D033BEF00764F25 /* PBXContainerItemProxy */;
		};
/* End PBXTargetDependency section */

/* Begin PBXVariantGroup section */
		88E01BAA1D033BEF00764F25 /* Main.storyboard */ = {
			isa = PBXVariantGroup;
			children = (
				88E01BAB1D033BEF00764F25 /* Base */,
			);
			name = Main.storyboard;
			sourceTree = "<group>";
		};
		88E01BAF1D033BEF00764F25 /* LaunchScreen.storyboard */ = {
			isa = PBXVariantGroup;
			children = (
				88E01BB01D033BEF00764F25 /* Base */,
			);
			name = LaunchScreen.storyboard;
			sourceTree = "<group>";
		};
/* End PBXVariantGroup section */

/* Begin XCBuildConfiguration section */
		88E01BC91D033BEF00764F25 /* Debug */ = {
			isa = XCBuildConfiguration;
			buildSettings = {
				ALWAYS_SEARCH_USER_PATHS = NO;
				CLANG_ANALYZER_NONNULL = YES;
				CLANG_CXX_LANGUAGE_STANDARD = "gnu++0x";
				CLANG_CXX_LIBRARY = "libc++";
				CLANG_ENABLE_MODULES = YES;
				CLANG_ENABLE_OBJC_ARC = YES;
				CLANG_WARN_BOOL_CONVERSION = YES;
				CLANG_WARN_CONSTANT_CONVERSION = YES;
				CLANG_WARN_DIRECT_OBJC_ISA_USAGE = YES_ERROR;
				CLANG_WARN_EMPTY_BODY = YES;
				CLANG_WARN_ENUM_CONVERSION = YES;
				CLANG_WARN_INT_CONVERSION = YES;
				CLANG_WARN_OBJC_ROOT_CLASS = YES_ERROR;
				CLANG_WARN_UNREACHABLE_CODE = YES;
				CLANG_WARN__DUPLICATE_METHOD_MATCH = YES;
				"CODE_SIGN_IDENTITY[sdk=iphoneos*]" = "iPhone Developer";
				COPY_PHASE_STRIP = NO;
				DEBUG_INFORMATION_FORMAT = dwarf;
				ENABLE_STRICT_OBJC_MSGSEND = YES;
				ENABLE_TESTABILITY = YES;
				GCC_C_LANGUAGE_STANDARD = gnu99;
				GCC_DYNAMIC_NO_PIC = NO;
				GCC_NO_COMMON_BLOCKS = YES;
				GCC_OPTIMIZATION_LEVEL = 0;
				GCC_PREPROCESSOR_DEFINITIONS = (
					"DEBUG=1",
					"$(inherited)",
				);
				GCC_WARN_64_TO_32_BIT_CONVERSION = YES;
				GCC_WARN_ABOUT_RETURN_TYPE = YES_ERROR;
				GCC_WARN_UNDECLARED_SELECTOR = YES;
				GCC_WARN_UNINITIALIZED_AUTOS = YES_AGGRESSIVE;
				GCC_WARN_UNUSED_FUNCTION = YES;
				GCC_WARN_UNUSED_VARIABLE = YES;
				IPHONEOS_DEPLOYMENT_TARGET = 9.3;
				MTL_ENABLE_DEBUG_INFO = YES;
				ONLY_ACTIVE_ARCH = YES;
				SDKROOT = iphoneos;
				SWIFT_OPTIMIZATION_LEVEL = "-Onone";
				TARGETED_DEVICE_FAMILY = "1,2";
			};
			name = Debug;
		};
		88E01BCA1D033BEF00764F25 /* Release */ = {
			isa = XCBuildConfiguration;
			buildSettings = {
				ALWAYS_SEARCH_USER_PATHS = NO;
				CLANG_ANALYZER_NONNULL = YES;
				CLANG_CXX_LANGUAGE_STANDARD = "gnu++0x";
				CLANG_CXX_LIBRARY = "libc++";
				CLANG_ENABLE_MODULES = YES;
				CLANG_ENABLE_OBJC_ARC = YES;
				CLANG_WARN_BOOL_CONVERSION = YES;
				CLANG_WARN_CONSTANT_CONVERSION = YES;
				CLANG_WARN_DIRECT_OBJC_ISA_USAGE = YES_ERROR;
				CLANG_WARN_EMPTY_BODY = YES;
				CLANG_WARN_ENUM_CONVERSION = YES;
				CLANG_WARN_INT_CONVERSION = YES;
				CLANG_WARN_OBJC_ROOT_CLASS = YES_ERROR;
				CLANG_WARN_UNREACHABLE_CODE = YES;
				CLANG_WARN__DUPLICATE_METHOD_MATCH = YES;
				"CODE_SIGN_IDENTITY[sdk=iphoneos*]" = "iPhone Developer";
				COPY_PHASE_STRIP = NO;
				DEBUG_INFORMATION_FORMAT = "dwarf-with-dsym";
				ENABLE_NS_ASSERTIONS = NO;
				ENABLE_STRICT_OBJC_MSGSEND = YES;
				GCC_C_LANGUAGE_STANDARD = gnu99;
				GCC_NO_COMMON_BLOCKS = YES;
				GCC_WARN_64_TO_32_BIT_CONVERSION = YES;
				GCC_WARN_ABOUT_RETURN_TYPE = YES_ERROR;
				GCC_WARN_UNDECLARED_SELECTOR = YES;
				GCC_WARN_UNINITIALIZED_AUTOS = YES_AGGRESSIVE;
				GCC_WARN_UNUSED_FUNCTION = YES;
				GCC_WARN_UNUSED_VARIABLE = YES;
				IPHONEOS_DEPLOYMENT_TARGET = 9.3;
				MTL_ENABLE_DEBUG_INFO = NO;
				SDKROOT = iphoneos;
				TARGETED_DEVICE_FAMILY = "1,2";
				VALIDATE_PRODUCT = YES;
			};
			name = Release;
		};
		88E01BCC1D033BEF00764F25 /* Debug */ = {
			isa = XCBuildConfiguration;
			buildSettings = {
				ASSETCATALOG_COMPILER_APPICON_NAME = AppIcon;
				INFOPLIST_FILE = JFNetworkTest/Info.plist;
				LD_RUNPATH_SEARCH_PATHS = "$(inherited) @executable_path/Frameworks";
				PRODUCT_BUNDLE_IDENTIFIER = com.JohnFisher.JFNetworkTest;
				PRODUCT_NAME = "$(TARGET_NAME)";
			};
			name = Debug;
		};
		88E01BCD1D033BEF00764F25 /* Release */ = {
			isa = XCBuildConfiguration;
			buildSettings = {
				ASSETCATALOG_COMPILER_APPICON_NAME = AppIcon;
				INFOPLIST_FILE = JFNetworkTest/Info.plist;
				LD_RUNPATH_SEARCH_PATHS = "$(inherited) @executable_path/Frameworks";
				PRODUCT_BUNDLE_IDENTIFIER = com.JohnFisher.JFNetworkTest;
				PRODUCT_NAME = "$(TARGET_NAME)";
			};
			name = Release;
		};
		88E01BCF1D033BEF00764F25 /* Debug */ = {
			isa = XCBuildConfiguration;
			buildSettings = {
				BUNDLE_LOADER = "$(TEST_HOST)";
				INFOPLIST_FILE = JFNetworkTestTests/Info.plist;
				LD_RUNPATH_SEARCH_PATHS = "$(inherited) @executable_path/Frameworks @loader_path/Frameworks";
				PRODUCT_BUNDLE_IDENTIFIER = com.JohnFisher.JFNetworkTestTests;
				PRODUCT_NAME = "$(TARGET_NAME)";
				TEST_HOST = "$(BUILT_PRODUCTS_DIR)/JFNetworkTest.app/JFNetworkTest";
			};
			name = Debug;
		};
		88E01BD01D033BEF00764F25 /* Release */ = {
			isa = XCBuildConfiguration;
			buildSettings = {
				BUNDLE_LOADER = "$(TEST_HOST)";
				INFOPLIST_FILE = JFNetworkTestTests/Info.plist;
				LD_RUNPATH_SEARCH_PATHS = "$(inherited) @executable_path/Frameworks @loader_path/Frameworks";
				PRODUCT_BUNDLE_IDENTIFIER = com.JohnFisher.JFNetworkTestTests;
				PRODUCT_NAME = "$(TARGET_NAME)";
				TEST_HOST = "$(BUILT_PRODUCTS_DIR)/JFNetworkTest.app/JFNetworkTest";
			};
			name = Release;
		};
		88E01BD21D033BEF00764F25 /* Debug */ = {
			isa = XCBuildConfiguration;
			buildSettings = {
				INFOPLIST_FILE = JFNetworkTestUITests/Info.plist;
				LD_RUNPATH_SEARCH_PATHS = "$(inherited) @executable_path/Frameworks @loader_path/Frameworks";
				PRODUCT_BUNDLE_IDENTIFIER = com.JohnFisher.JFNetworkTestUITests;
				PRODUCT_NAME = "$(TARGET_NAME)";
				TEST_TARGET_NAME = JFNetworkTest;
			};
			name = Debug;
		};
		88E01BD31D033BEF00764F25 /* Release */ = {
			isa = XCBuildConfiguration;
			buildSettings = {
				INFOPLIST_FILE = JFNetworkTestUITests/Info.plist;
				LD_RUNPATH_SEARCH_PATHS = "$(inherited) @executable_path/Frameworks @loader_path/Frameworks";
				PRODUCT_BUNDLE_IDENTIFIER = com.JohnFisher.JFNetworkTestUITests;
				PRODUCT_NAME = "$(TARGET_NAME)";
				TEST_TARGET_NAME = JFNetworkTest;
			};
			name = Release;
		};
/* End XCBuildConfiguration section */

/* Begin XCConfigurationList section */
		88E01B9E1D033BEF00764F25 /* Build configuration list for PBXProject "JFNetworkTest" */ = {
			isa = XCConfigurationList;
			buildConfigurations = (
				88E01BC91D033BEF00764F25 /* Debug */,
				88E01BCA1D033BEF00764F25 /* Release */,
			);
			defaultConfigurationIsVisible = 0;
			defaultConfigurationName = Release;
		};
		88E01BCB1D033BEF00764F25 /* Build configuration list for PBXNativeTarget "JFNetworkTest" */ = {
			isa = XCConfigurationList;
			buildConfigurations = (
				88E01BCC1D033BEF00764F25 /* Debug */,
				88E01BCD1D033BEF00764F25 /* Release */,
			);
			defaultConfigurationIsVisible = 0;
		};
		88E01BCE1D033BEF00764F25 /* Build configuration list for PBXNativeTarget "JFNetworkTestTests" */ = {
			isa = XCConfigurationList;
			buildConfigurations = (
				88E01BCF1D033BEF00764F25 /* Debug */,
				88E01BD01D033BEF00764F25 /* Release */,
			);
			defaultConfigurationIsVisible = 0;
		};
		88E01BD11D033BEF00764F25 /* Build configuration list for PBXNativeTarget "JFNetworkTestUITests" */ = {
			isa = XCConfigurationList;
			buildConfigurations = (
				88E01BD21D033BEF00764F25 /* Debug */,
				88E01BD31D033BEF00764F25 /* Release */,
			);
			defaultConfigurationIsVisible = 0;
		};
/* End XCConfigurationList section */
	};
	rootObject = 88E01B9B1D033BEF00764F25 /* Project object */;
}
